
Microsoft Visual Studio Solution File, Format Version 12.00
# Visual Studio Version 16
VisualStudioVersion = 16.0.32228.343
MinimumVisualStudioVersion = 10.0.40219.1
Project("{9A19103F-16F7-4668-BE54-9A1E7A4F7556}") = "BookStore", "BookStore\BookStore.csproj", "{271CEC27-C002-49AD-B8B0-7537C3F260C2}"
EndProject
Project("{9A19103F-16F7-4668-BE54-9A1E7A4F7556}") = "BusinessLayer", "BusinessLayer\BusinessLayer.csproj", "{87967241-7F9D-489D-A2D5-C134D8F23157}"
EndProject
Project("{9A19103F-16F7-4668-BE54-9A1E7A4F7556}") = "CommonLayer", "CommomLayer\CommonLayer.csproj", "{997F9AD4-57CF-4FFF-AB7B-0857E8AF3D32}"
EndProject
Project("{9A19103F-16F7-4668-BE54-9A1E7A4F7556}") = "RepositoryLayer", "RepositoryLayer\RepositoryLayer.csproj", "{FD99151B-3252-46A8-A3C1-F6B4DFE82189}"
EndProject
Global
	GlobalSection(SolutionConfigurationPlatforms) = preSolution
		Debug|Any CPU = Debug|Any CPU
		Release|Any CPU = Release|Any CPU
	EndGlobalSection
	GlobalSection(ProjectConfigurationPlatforms) = postSolution
		{271CEC27-C002-49AD-B8B0-7537C3F260C2}.Debug|Any CPU.ActiveCfg = Debug|Any CPU
		{271CEC27-C002-49AD-B8B0-7537C3F260C2}.Debug|Any CPU.Build.0 = Debug|Any CPU
		{271CEC27-C002-49AD-B8B0-7537C3F260C2}.Release|Any CPU.ActiveCfg = Release|Any CPU
		{271CEC27-C002-49AD-B8B0-7537C3F260C2}.Release|Any CPU.Build.0 = Release|Any CPU
		{87967241-7F9D-489D-A2D5-C134D8F23157}.Debug|Any CPU.ActiveCfg = Debug|Any CPU
		{87967241-7F9D-489D-A2D5-C134D8F23157}.Debug|Any CPU.Build.0 = Debug|Any CPU
		{87967241-7F9D-489D-A2D5-C134D8F23157}.Release|Any CPU.ActiveCfg = Release|Any CPU
		{87967241-7F9D-489D-A2D5-C134D8F23157}.Release|Any CPU.Build.0 = Release|Any CPU
		{997F9AD4-57CF-4FFF-AB7B-0857E8AF3D32}.Debug|Any CPU.ActiveCfg = Debug|Any CPU
		{997F9AD4-57CF-4FFF-AB7B-0857E8AF3D32}.Debug|Any CPU.Build.0 = Debug|Any CPU
		{997F9AD4-57CF-4FFF-AB7B-0857E8AF3D32}.Release|Any CPU.ActiveCfg = Release|Any CPU
		{997F9AD4-57CF-4FFF-AB7B-0857E8AF3D32}.Release|Any CPU.Build.0 = Release|Any CPU
		{FD99151B-3252-46A8-A3C1-F6B4DFE82189}.Debug|Any CPU.ActiveCfg = Debug|Any CPU
		{FD99151B-3252-46A8-A3C1-F6B4DFE82189}.Debug|Any CPU.Build.0 = Debug|Any CPU
		{FD99151B-3252-46A8-A3C1-F6B4DFE82189}.Release|Any CPU.ActiveCfg = Release|Any CPU
		{FD99151B-3252-46A8-A3C1-F6B4DFE82189}.Release|Any CPU.Build.0 = Release|Any CPU
	EndGlobalSection
	GlobalSection(SolutionProperties) = preSolution
		HideSolutionNode = FALSE
	EndGlobalSection
	GlobalSection(ExtensibilityGlobals) = postSolution
		SolutionGuid = {A9D26489-A54D-4B7E-BFEF-BC731B96160F}
	EndGlobalSection
EndGlobal
